# THIS IS AN AUTOGENERATED FILE. DO NOT EDIT THIS FILE DIRECTLY.
# yarn lockfile v1


deep-equal@^1.0.1:
  version "1.0.1"
  resolved "https://registry.yarnpkg.com/deep-equal/-/deep-equal-1.0.1.tgz#f5d260292b660e084eff4cdbc9f08ad3247448b5"

obj-list-diff@^1.0.0:
  version "1.0.0"
  resolved "https://registry.yarnpkg.com/obj-list-diff/-/obj-list-diff-1.0.0.tgz#b4fdb556d07ce665c353340b37c770ac2a0194e7"
  dependencies:
    deep-equal "^1.0.1"

simple-diff@^1.6.0:
  version "1.6.0"
  resolved "https://registry.yarnpkg.com/simple-diff/-/simple-diff-1.6.0.tgz#9bb5d950a7b464d1ecc86f204e88365019d5a542"
